
Microsoft Visual Studio Solution File, Format Version 12.00
# Visual Studio Version 17
VisualStudioVersion = 17.12.35506.116 d17.12
MinimumVisualStudioVersion = 10.0.40219.1
Project("{FAE04EC0-301F-11D3-BF4B-00C04F79EFBC}") = "SecureGate", "SecureGate.csproj", "{E69D5B94-6521-4EF9-AA8D-04E74E8F97EC}"
EndProject
Project("{FAE04EC0-301F-11D3-BF4B-00C04F79EFBC}") = "Infrastructure", "..\Infrastructure\Infrastructure.csproj", "{46075417-3E57-49C7-9C95-A9BD5A460F87}"
EndProject
Project("{FAE04EC0-301F-11D3-BF4B-00C04F79EFBC}") = "Domain", "..\Domain\Domain.csproj", "{D8BA75B2-46BC-45F9-9D72-3A31F4EC1505}"
EndProject
Global
	GlobalSection(SolutionConfigurationPlatforms) = preSolution
		Debug|Any CPU = Debug|Any CPU
		Release|Any CPU = Release|Any CPU
	EndGlobalSection
	GlobalSection(ProjectConfigurationPlatforms) = postSolution
		{E69D5B94-6521-4EF9-AA8D-04E74E8F97EC}.Debug|Any CPU.ActiveCfg = Debug|Any CPU
		{E69D5B94-6521-4EF9-AA8D-04E74E8F97EC}.Debug|Any CPU.Build.0 = Debug|Any CPU
		{E69D5B94-6521-4EF9-AA8D-04E74E8F97EC}.Release|Any CPU.ActiveCfg = Release|Any CPU
		{E69D5B94-6521-4EF9-AA8D-04E74E8F97EC}.Release|Any CPU.Build.0 = Release|Any CPU
		{46075417-3E57-49C7-9C95-A9BD5A460F87}.Debug|Any CPU.ActiveCfg = Debug|Any CPU
		{46075417-3E57-49C7-9C95-A9BD5A460F87}.Debug|Any CPU.Build.0 = Debug|Any CPU
		{46075417-3E57-49C7-9C95-A9BD5A460F87}.Release|Any CPU.ActiveCfg = Release|Any CPU
		{46075417-3E57-49C7-9C95-A9BD5A460F87}.Release|Any CPU.Build.0 = Release|Any CPU
		{D8BA75B2-46BC-45F9-9D72-3A31F4EC1505}.Debug|Any CPU.ActiveCfg = Debug|Any CPU
		{D8BA75B2-46BC-45F9-9D72-3A31F4EC1505}.Debug|Any CPU.Build.0 = Debug|Any CPU
		{D8BA75B2-46BC-45F9-9D72-3A31F4EC1505}.Release|Any CPU.ActiveCfg = Release|Any CPU
		{D8BA75B2-46BC-45F9-9D72-3A31F4EC1505}.Release|Any CPU.Build.0 = Release|Any CPU
	EndGlobalSection
	GlobalSection(SolutionProperties) = preSolution
		HideSolutionNode = FALSE
	EndGlobalSection
EndGlobal
