Microsoft Visual Studio Solution File, Format Version 12.00
# Visual Studio Version 17
VisualStudioVersion = 17.11.35312.102
MinimumVisualStudioVersion = 10.0.40219.1
Project("{FAE04EC0-301F-11D3-BF4B-00C04F79EFBC}") = "ShieldAccess.AppHost", "ShieldAccess.AppHost\ShieldAccess.AppHost.csproj", "{58DC5B7F-ACFD-486F-838C-58D4F03D2593}"
EndProject
Project("{9A19103F-16F7-4668-BE54-9A1E7A4F7556}") = "ShieldAccess.ServiceDefaults", "ShieldAccess.ServiceDefaults\ShieldAccess.ServiceDefaults.csproj", "{D3F3B368-4E7D-4296-A937-9DE8B938BCF0}"
EndProject
Project("{9A19103F-16F7-4668-BE54-9A1E7A4F7556}") = "ShieldAccess.ApiService", "ShieldAccess.ApiService\ShieldAccess.ApiService.csproj", "{DC9FF43D-F837-457E-B1AD-CDCC9AE4A6D7}"
EndProject
Project("{9A19103F-16F7-4668-BE54-9A1E7A4F7556}") = "ShieldAccess.Web", "ShieldAccess.Web\ShieldAccess.Web.csproj", "{8A1D4355-3856-4937-8FB2-781BAA3ACC97}"
EndProject
Project("{9A19103F-16F7-4668-BE54-9A1E7A4F7556}") = "ShieldAccess.Tests", "ShieldAccess.Tests\ShieldAccess.Tests.csproj", "{C7078B16-5068-42B2-8972-BB0A5AEF668E}"
EndProject
Global
	GlobalSection(SolutionConfigurationPlatforms) = preSolution
		Debug|Any CPU = Debug|Any CPU
		Release|Any CPU = Release|Any CPU
	EndGlobalSection
	GlobalSection(ProjectConfigurationPlatforms) = postSolution
		{58DC5B7F-ACFD-486F-838C-58D4F03D2593}.Debug|Any CPU.ActiveCfg = Debug|Any CPU
		{58DC5B7F-ACFD-486F-838C-58D4F03D2593}.Debug|Any CPU.Build.0 = Debug|Any CPU
		{58DC5B7F-ACFD-486F-838C-58D4F03D2593}.Release|Any CPU.ActiveCfg = Release|Any CPU
		{58DC5B7F-ACFD-486F-838C-58D4F03D2593}.Release|Any CPU.Build.0 = Release|Any CPU
		{D3F3B368-4E7D-4296-A937-9DE8B938BCF0}.Debug|Any CPU.ActiveCfg = Debug|Any CPU
		{D3F3B368-4E7D-4296-A937-9DE8B938BCF0}.Debug|Any CPU.Build.0 = Debug|Any CPU
		{D3F3B368-4E7D-4296-A937-9DE8B938BCF0}.Release|Any CPU.ActiveCfg = Release|Any CPU
		{D3F3B368-4E7D-4296-A937-9DE8B938BCF0}.Release|Any CPU.Build.0 = Release|Any CPU
		{DC9FF43D-F837-457E-B1AD-CDCC9AE4A6D7}.Debug|Any CPU.ActiveCfg = Debug|Any CPU
		{DC9FF43D-F837-457E-B1AD-CDCC9AE4A6D7}.Debug|Any CPU.Build.0 = Debug|Any CPU
		{DC9FF43D-F837-457E-B1AD-CDCC9AE4A6D7}.Release|Any CPU.ActiveCfg = Release|Any CPU
		{DC9FF43D-F837-457E-B1AD-CDCC9AE4A6D7}.Release|Any CPU.Build.0 = Release|Any CPU
		{8A1D4355-3856-4937-8FB2-781BAA3ACC97}.Debug|Any CPU.ActiveCfg = Debug|Any CPU
		{8A1D4355-3856-4937-8FB2-781BAA3ACC97}.Debug|Any CPU.Build.0 = Debug|Any CPU
		{8A1D4355-3856-4937-8FB2-781BAA3ACC97}.Release|Any CPU.ActiveCfg = Release|Any CPU
		{8A1D4355-3856-4937-8FB2-781BAA3ACC97}.Release|Any CPU.Build.0 = Release|Any CPU
		{C7078B16-5068-42B2-8972-BB0A5AEF668E}.Debug|Any CPU.ActiveCfg = Debug|Any CPU
		{C7078B16-5068-42B2-8972-BB0A5AEF668E}.Debug|Any CPU.Build.0 = Debug|Any CPU
		{C7078B16-5068-42B2-8972-BB0A5AEF668E}.Release|Any CPU.ActiveCfg = Release|Any CPU
		{C7078B16-5068-42B2-8972-BB0A5AEF668E}.Release|Any CPU.Build.0 = Release|Any CPU
	EndGlobalSection
	GlobalSection(SolutionProperties) = preSolution
		HideSolutionNode = FALSE
	EndGlobalSection
	GlobalSection(ExtensibilityGlobals) = postSolution
		SolutionGuid = {9C3582BB-B3FB-4DBA-8B4A-EB016A6FAAB8}
	EndGlobalSection
EndGlobal
